# THIS IS AN AUTOGENERATED FILE. DO NOT EDIT THIS FILE DIRECTLY.
# yarn lockfile v1


"@babel/parser@^7.18.4":
  version "7.20.0"
  resolved "https://r.cnpmjs.org/@babel/parser/-/parser-7.20.0.tgz#b26133c888da4d79b0d3edcf42677bcadc783046"
  integrity sha512-G9VgAhEaICnz8iiJeGJQyVl6J2nTjbW0xeisva0PK6XcKsga7BIaqm4ZF8Rg1Wbaqmy6znspNqhPaPkyukujzg==

"@babel/runtime@7.x":
  version "7.20.0"
  resolved "https://r.cnpmjs.org/@babel/runtime/-/runtime-7.20.0.tgz#824a9ef325ffde6f78056059db3168c08785e24a"
  integrity sha512-NDYdls71fTXoU8TZHfbBWg7DiZfNzClcKui/+kyi6ppD2L1qnWW3VV6CjtaBXSUGGhiTWJ6ereOIkUvenif66Q==
  dependencies:
    regenerator-runtime "^0.13.10"

"@vant/icons@^1.7.1":
  version "1.8.0"
  resolved "https://r.cnpmjs.org/@vant/icons/-/icons-1.8.0.tgz#36b13f2e628b533f6523a93a168cf02f07056674"
  integrity sha512-sKfEUo2/CkQFuERxvkuF6mGQZDKu3IQdj5rV9Fm0weJXtchDSSQ+zt8qPCNUEhh9Y8shy5PzxbvAfOOkCwlCXg==

"@vant/popperjs@^1.1.0":
  version "1.3.0"
  resolved "https://r.cnpmjs.org/@vant/popperjs/-/popperjs-1.3.0.tgz#e0eff017124b5b2352ef3b36a6df06277f4400f2"
  integrity sha512-hB+czUG+aHtjhaEmCJDuXOep0YTZjdlRR+4MSmIFnkCQIxJaXLQdSsR90XWvAI2yvKUI7TCGqR8pQg2RtvkMHw==

"@vue/babel-helper-vue-jsx-merge-props@^1.0.0":
  version "1.4.0"
  resolved "https://r.cnpmjs.org/@vue/babel-helper-vue-jsx-merge-props/-/babel-helper-vue-jsx-merge-props-1.4.0.tgz#8d53a1e21347db8edbe54d339902583176de09f2"
  integrity sha512-JkqXfCkUDp4PIlFdDQ0TdXoIejMtTHP67/pvxlgeY+u5k3LEdKuWZ3LK6xkxo52uDoABIVyRwqVkfLQJhk7VBA==

"@vue/compiler-sfc@2.7.13":
  version "2.7.13"
  resolved "https://r.cnpmjs.org/@vue/compiler-sfc/-/compiler-sfc-2.7.13.tgz#818944f4a9616b752d48dac6a56bffe2db88bdff"
  integrity sha512-zzu2rLRZlgIU+OT3Atbr7Y6PG+LW4wVQpPfNRrGDH3dM9PsrcVfa+1pKb8bW467bGM3aDOvAnsYLWVpYIv3GRg==
  dependencies:
    "@babel/parser" "^7.18.4"
    postcss "^8.4.14"
    source-map "^0.6.1"

animate.css@^4.1.1:
  version "4.1.1"
  resolved "https://r2.cnpmjs.org/animate.css/-/animate.css-4.1.1.tgz#614ec5a81131d7e4dc362a58143f7406abd68075"
  integrity sha512-+mRmCTv6SbCmtYJCN4faJMNFVNN5EuCTTprDTAo7YzIGji2KADmakjVA3+8mVDkZ2Bf09vayB35lSQIex2+QaQ==

array-find-index@^1.0.2:
  version "1.0.2"
  resolved "https://r2.cnpmjs.org/array-find-index/-/array-find-index-1.0.2.tgz#df010aa1287e164bbda6f9723b0a96a1ec4187a1"
  integrity sha512-M1HQyIXcBGtVywBt8WVdim+lrNaK7VHp99Qt5pSNziXznKHViIBbXWtfRTpEFpF/c4FdfxNAsCCwPp5phBYJtw==

balajs@^0.1.9:
  version "0.1.9"
  resolved "https://r2.cnpmjs.org/balajs/-/balajs-0.1.9.tgz#e03d1e6fb88d53cc1a2591a7bfec70d1e52d8f00"
  integrity sha512-uY8iWHOP2pLBTopraompMvUH6++s9qY8Qqhbnp3CRBTUTDu1JyYdOXL/TFn8xEq88CUohQAgqWpeKnUMDjl1WA==

csstype@^3.1.0:
  version "3.1.1"
  resolved "https://r.cnpmjs.org/csstype/-/csstype-3.1.1.tgz#841b532c45c758ee546a11d5bd7b7b473c8c30b9"
  integrity sha512-DJR/VvkAvSZW9bTouZue2sSxDwdTN92uHjqeKVm+0dAqdfNykRzQ95tay8aXMBAAPpUiq4Qcug2L7neoRh2Egw==

element-closest@^2.0.1:
  version "2.0.2"
  resolved "https://r2.cnpmjs.org/element-closest/-/element-closest-2.0.2.tgz#72a740a107453382e28df9ce5dbb5a8df0f966ec"
  integrity sha512-QCqAWP3kwj8Gz9UXncVXQGdrhnWxD8SQBSeZp5pOsyCcQ6RpL738L1/tfuwBiMi6F1fYkxqPnBrFBR4L+f49Cg==

mint-ui@^2.2.13:
  version "2.2.13"
  resolved "https://r2.cnpmjs.org/mint-ui/-/mint-ui-2.2.13.tgz#856a2cba9608c6ecf21f0e521ce89ed8ddfe33d3"
  integrity sha512-Xz1SFagHSzKOprwQv3fcekXT5RJvhh939zwZHcWeazk1OJrCjsD4I2qm49AEUCfT1AoYzC+rsZIwGP/J6LwVVw==
  dependencies:
    array-find-index "^1.0.2"
    raf.js "0.0.4"
    vue-lazyload "^1.0.1"

nanoid@^3.3.4:
  version "3.3.4"
  resolved "https://r.cnpmjs.org/nanoid/-/nanoid-3.3.4.tgz#730b67e3cd09e2deacf03c027c81c9d9dbc5e8ab"
  integrity sha512-MqBkQh/OHTS2egovRtLk45wEyNXwF+cokD+1YPf9u5VfJiRdAiRwB2froX5Co9Rh20xs4siNPm8naNotSD6RBw==

object-assign@^4.1.0, object-assign@^4.1.1:
  version "4.1.1"
  resolved "https://r2.cnpmjs.org/object-assign/-/object-assign-4.1.1.tgz#2109adc7965887cfc05cbbd442cac8bfbb360863"
  integrity sha512-rJgTQnkUnH1sFw8yT6VSU3zD3sWmu6sZhIseY8VX+GRu3P6F7Fu+JNDoXfklElbLJSnc3FUQHVe4cU5hj+BcUg==

photoswipe@^4.1.3:
  version "4.1.3"
  resolved "https://r2.cnpmjs.org/photoswipe/-/photoswipe-4.1.3.tgz#59f49494eeb9ddab5888d03392926a19bc197550"
  integrity sha512-89Z43IRUyw7ycTolo+AaiDn3W1EEIfox54hERmm9bI12IB9cvRfHSHez3XhAyU8XW2EAFrC+2sKMhh7SJwn0bA==

picocolors@^1.0.0:
  version "1.0.0"
  resolved "https://r2.cnpmjs.org/picocolors/-/picocolors-1.0.0.tgz#cb5bdc74ff3f51892236eaf79d68bc44564ab81c"
  integrity sha512-1fygroTLlHu66zi26VoTDv8yRgm0Fccecssto+MhsZ0D/DGW2sm8E8AjW7NU5VVTRt5GxbeZ5qBuJr+HyLYkjQ==

postcss@^8.4.14:
  version "8.4.18"
  resolved "https://r.cnpmjs.org/postcss/-/postcss-8.4.18.tgz#6d50046ea7d3d66a85e0e782074e7203bc7fbca2"
  integrity sha512-Wi8mWhncLJm11GATDaQKobXSNEYGUHeQLiQqDFG1qQ5UTDPTEvKw0Xt5NsTpktGTwLps3ByrWsBrG0rB8YQ9oA==
  dependencies:
    nanoid "^3.3.4"
    picocolors "^1.0.0"
    source-map-js "^1.0.2"

raf.js@0.0.4:
  version "0.0.4"
  resolved "https://r2.cnpmjs.org/raf.js/-/raf.js-0.0.4.tgz#f15af445d241b27fa7131a57450b67ef9c402fec"
  integrity sha512-1239iw+nLUd8xbAQFQlbNEONJGAe6JQpMnSp0HTqODymjE4rGLXx+c9KaOlIldSoryVGU522NaqMn8GGBex+ZA==

regenerator-runtime@^0.13.10:
  version "0.13.10"
  resolved "https://r.cnpmjs.org/regenerator-runtime/-/regenerator-runtime-0.13.10.tgz#ed07b19616bcbec5da6274ebc75ae95634bfc2ee"
  integrity sha512-KepLsg4dU12hryUO7bp/axHAKvwGOCV0sGloQtpagJ12ai+ojVDqkeGSiRX1zlq+kjIMZ1t7gpze+26QqtdGqw==

source-map-js@^1.0.2:
  version "1.0.2"
  resolved "https://r.cnpmjs.org/source-map-js/-/source-map-js-1.0.2.tgz#adbc361d9c62df380125e7f161f71c826f1e490c"
  integrity sha512-R0XvVJ9WusLiqTCEiGCmICCMplcCkIwwR11mOSD9CR5u+IXYdiseeEuXCVAjS54zqwkLcPNnmU4OeJ6tUrWhDw==

source-map@^0.6.1:
  version "0.6.1"
  resolved "https://r2.cnpmjs.org/source-map/-/source-map-0.6.1.tgz#74722af32e9614e9c287a8d0bbde48b5e2f1a263"
  integrity sha512-UjgapumWlbMhkBgzT7Ykc5YXUT46F0iKu8SGXq0bcwP5dz/h0Plj6enJqjz1Zbq2l5WaqYnrVbwWOWMyF3F47g==

vant@^2.12.51:
  version "2.12.51"
  resolved "https://r.cnpmjs.org/vant/-/vant-2.12.51.tgz#b5a9193cecb6808716993346b46fbfb46c4b7895"
  integrity sha512-0dZHcBWwKdQvgvAMr5hqObuwkHRn51c7ReLVDV/Ijp1twZ/9/JGMPKVCp1ebpzFAONudyDvu42adrkFUhheaUA==
  dependencies:
    "@babel/runtime" "7.x"
    "@vant/icons" "^1.7.1"
    "@vant/popperjs" "^1.1.0"
    "@vue/babel-helper-vue-jsx-merge-props" "^1.0.0"
    vue-lazyload "1.2.3"

vue-lazyload@1.2.3:
  version "1.2.3"
  resolved "https://r2.cnpmjs.org/vue-lazyload/-/vue-lazyload-1.2.3.tgz#901f9ec15c7e6ca78781a2bae4a343686bdedb2c"
  integrity sha512-DC0ZwxanbRhx79tlA3zY5OYJkH8FYp3WBAnAJbrcuoS8eye1P73rcgAZhyxFSPUluJUTelMB+i/+VkNU/qVm7g==

vue-lazyload@^1.0.1:
  version "1.3.4"
  resolved "https://r2.cnpmjs.org/vue-lazyload/-/vue-lazyload-1.3.4.tgz#2988998f6bc1a2027268f5b0cffa7a7e30e6ccb4"
  integrity sha512-K0frbPQJuvFHVpdl/ov5CqCR/CHWeLGs8E8V1d/09DIETqBjeGhC1fLMmwUy3Go2Yd/VX610AZ7Mdn4B54592Q==

vue-router@^3.0.7:
  version "3.6.5"
  resolved "https://r.cnpmjs.org/vue-router/-/vue-router-3.6.5.tgz#95847d52b9a7e3f1361cb605c8e6441f202afad8"
  integrity sha512-VYXZQLtjuvKxxcshuRAwjHnciqZVoXAjTjcqBTz4rKc8qih9g9pI3hbDjmqXaHdgL3v8pV6P8Z335XvHzESxLQ==

vue@^2.6.10:
  version "2.7.13"
  resolved "https://r.cnpmjs.org/vue/-/vue-2.7.13.tgz#e9e499cc6da46dc7941c2510193b15aa6a84a79f"
  integrity sha512-QnM6ULTNnPmn71eUO+4hdjfBIA3H0GLsBnchnI/kS678tjI45GOUZhXd0oP/gX9isikXz1PAzSnkPspp9EUNfQ==
  dependencies:
    "@vue/compiler-sfc" "2.7.13"
    csstype "^3.1.0"

vuex@^3.1.1:
  version "3.6.2"
  resolved "https://r2.cnpmjs.org/vuex/-/vuex-3.6.2.tgz#236bc086a870c3ae79946f107f16de59d5895e71"
  integrity sha512-ETW44IqCgBpVomy520DT5jf8n0zoCac+sxWnn+hMe/CzaSejb/eVw2YToiXYX+Ex/AuHHia28vWTq4goAexFbw==

weui.js@^1.2.1:
  version "1.2.15"
  resolved "https://r.cnpmjs.org/weui.js/-/weui.js-1.2.15.tgz#6948f7289f2cdaa9c10fe0052513184e1ca4a846"
  integrity sha512-W8q0A+FVNOF5qH2fptzfmWHZjMMvsOCkmxmRszyXgGi6UYjchetVbnzZLg6tpRQyvGCSg0oBfvySnKslYRDoiQ==
  dependencies:
    balajs "^0.1.9"
    element-closest "^2.0.1"
    object-assign "^4.1.0"

weui@^2.0.1:
  version "2.5.14"
  resolved "https://r.cnpmjs.org/weui/-/weui-2.5.14.tgz#5624c7a1ceb25df008d42a120136593ed495aa48"
  integrity sha512-TtwQHgJgpBCd0erJ7b7BI2HlALFwRYRoycmoIG+NvoUNP+a3/bPlza3O38J2OZiSBVSBcel7Ye5D+ic0y65tsQ==
